<Solution>
  <Project Path="FaturaFlow.Application/FaturaFlow.Application.csproj" />
  <Project Path="FaturaFlow.Domain/FaturaFlow.Domain.csproj" />
  <Project Path="FaturaFlow.Infrastructure/FaturaFlow.Infrastructure.csproj" />
  <Project Path="FaturaFlow.Presentation/FaturaFlow.Presentation.csproj" />
  <Project Path="FaturaFlow.Worker/FaturaFlow.Worker.csproj" Id="5cbe9682-0f60-439d-b917-842200a40070" />
</Solution>
